{
  "version": 4,
  "terraform_version": "1.14.4",
  "serial": 2,
  "lineage": "7e6babea-b9fb-0833-1cf2-aa3c43114df3",
  "outputs": {
    "vpc_id": {
      "value": "vpc-0cade12fe2c20c98f",
      "type": "string"
    }
  },
  "resources": [
    {
      "mode": "managed",
      "type": "aws_vpc",
      "name": "main",
      "provider": "provider[\"registry.terraform.io/hashicorp/aws\"]",
      "instances": [
        {
          "schema_version": 1,
          "attributes": {
            "arn": "arn:aws:ec2:us-east-1:484908221747:vpc/vpc-0cade12fe2c20c98f",
            "assign_generated_ipv6_cidr_block": false,
            "cidr_block": "10.0.0.0/16",
            "default_network_acl_id": "acl-0b9afaa420bfbe04a",
            "default_route_table_id": "rtb-05676ac5806ccc812",
            "default_security_group_id": "sg-0219c0d5779735fce",
            "dhcp_options_id": "dopt-0413e1b46bea59278",
            "enable_dns_hostnames": true,
            "enable_dns_support": true,
            "enable_network_address_usage_metrics": false,
            "id": "vpc-0cade12fe2c20c98f",
            "instance_tenancy": "default",
            "ipv4_ipam_pool_id": null,
            "ipv4_netmask_length": null,
            "ipv6_association_id": "",
            "ipv6_cidr_block": "",
            "ipv6_cidr_block_network_border_group": "",
            "ipv6_ipam_pool_id": "",
            "ipv6_netmask_length": 0,
            "main_route_table_id": "rtb-05676ac5806ccc812",
            "owner_id": "484908221747",
            "tags": {
              "Name": "terraform-vpc"
            },
            "tags_all": {
              "Name": "terraform-vpc"
            }
          },
          "sensitive_attributes": [],
          "identity_schema_version": 0,
          "private": "eyJzY2hlbWFfdmVyc2lvbiI6IjEifQ=="
        }
      ]
    }
  ],
  "check_results": null
}
